
Microsoft Visual Studio Solution File, Format Version 12.00
# Visual Studio Version 16
VisualStudioVersion = 16.0.33130.400
MinimumVisualStudioVersion = 10.0.40219.1
Project("{FAE04EC0-301F-11D3-BF4B-00C04F79EFBC}") = "KarakterDogrulama(CAPTCHA)", "KarakterDogrulama(CAPTCHA)\KarakterDogrulama(CAPTCHA).csproj", "{16EE7C66-E60E-4171-B85C-6E12E9BECA42}"
EndProject
Global
	GlobalSection(SolutionConfigurationPlatforms) = preSolution
		Debug|Any CPU = Debug|Any CPU
		Release|Any CPU = Release|Any CPU
	EndGlobalSection
	GlobalSection(ProjectConfigurationPlatforms) = postSolution
		{16EE7C66-E60E-4171-B85C-6E12E9BECA42}.Debug|Any CPU.ActiveCfg = Debug|Any CPU
		{16EE7C66-E60E-4171-B85C-6E12E9BECA42}.Debug|Any CPU.Build.0 = Debug|Any CPU
		{16EE7C66-E60E-4171-B85C-6E12E9BECA42}.Release|Any CPU.ActiveCfg = Release|Any CPU
		{16EE7C66-E60E-4171-B85C-6E12E9BECA42}.Release|Any CPU.Build.0 = Release|Any CPU
	EndGlobalSection
	GlobalSection(SolutionProperties) = preSolution
		HideSolutionNode = FALSE
	EndGlobalSection
	GlobalSection(ExtensibilityGlobals) = postSolution
		SolutionGuid = {5003CEE8-BB01-492A-A823-9D8AE723BDCE}
	EndGlobalSection
EndGlobal
